
Microsoft Visual Studio Solution File, Format Version 12.00
# Visual Studio 15
VisualStudioVersion = 15.0.27004.2008
MinimumVisualStudioVersion = 10.0.40219.1
Project("{FAE04EC0-301F-11D3-BF4B-00C04F79EFBC}") = "KerriganSurvival Editor", "KerriganSurvival Editor\KerriganSurvival Editor.csproj", "{F11B62CD-BBA8-49A6-81C4-6006EB4B3EB8}"
EndProject
Project("{FAE04EC0-301F-11D3-BF4B-00C04F79EFBC}") = "StarcodeLibrary", "StarcodeLibrary\StarcodeLibrary.csproj", "{2AB85CD7-99E6-46DA-B8D1-032517003258}"
EndProject
Global
	GlobalSection(SolutionConfigurationPlatforms) = preSolution
		Debug|Any CPU = Debug|Any CPU
		Release|Any CPU = Release|Any CPU
	EndGlobalSection
	GlobalSection(ProjectConfigurationPlatforms) = postSolution
		{F11B62CD-BBA8-49A6-81C4-6006EB4B3EB8}.Debug|Any CPU.ActiveCfg = Debug|Any CPU
		{F11B62CD-BBA8-49A6-81C4-6006EB4B3EB8}.Debug|Any CPU.Build.0 = Debug|Any CPU
		{F11B62CD-BBA8-49A6-81C4-6006EB4B3EB8}.Release|Any CPU.ActiveCfg = Release|Any CPU
		{F11B62CD-BBA8-49A6-81C4-6006EB4B3EB8}.Release|Any CPU.Build.0 = Release|Any CPU
		{2AB85CD7-99E6-46DA-B8D1-032517003258}.Debug|Any CPU.ActiveCfg = Debug|Any CPU
		{2AB85CD7-99E6-46DA-B8D1-032517003258}.Debug|Any CPU.Build.0 = Debug|Any CPU
		{2AB85CD7-99E6-46DA-B8D1-032517003258}.Release|Any CPU.ActiveCfg = Release|Any CPU
		{2AB85CD7-99E6-46DA-B8D1-032517003258}.Release|Any CPU.Build.0 = Release|Any CPU
	EndGlobalSection
	GlobalSection(SolutionProperties) = preSolution
		HideSolutionNode = FALSE
	EndGlobalSection
	GlobalSection(ExtensibilityGlobals) = postSolution
		SolutionGuid = {8C06C1DB-0093-4C8B-A079-A25095D31B4A}
	EndGlobalSection
EndGlobal
